
Microsoft Visual Studio Solution File, Format Version 12.00
Project("{FAE04EC0-301F-11D3-BF4B-00C04F79EFBC}") = "MizMaker", "MizMaker\MizMaker.csproj", "{DBD1CD49-8F83-4D12-BEC4-B77412032346}"
EndProject
Global
	GlobalSection(SolutionConfigurationPlatforms) = preSolution
		Debug|Any CPU = Debug|Any CPU
		Release|Any CPU = Release|Any CPU
	EndGlobalSection
	GlobalSection(ProjectConfigurationPlatforms) = postSolution
		{DBD1CD49-8F83-4D12-BEC4-B77412032346}.Debug|Any CPU.ActiveCfg = Debug|Any CPU
		{DBD1CD49-8F83-4D12-BEC4-B77412032346}.Debug|Any CPU.Build.0 = Debug|Any CPU
		{DBD1CD49-8F83-4D12-BEC4-B77412032346}.Release|Any CPU.ActiveCfg = Release|Any CPU
		{DBD1CD49-8F83-4D12-BEC4-B77412032346}.Release|Any CPU.Build.0 = Release|Any CPU
	EndGlobalSection
EndGlobal
